
Microsoft Visual Studio Solution File, Format Version 12.00
# Visual Studio Version 17
VisualStudioVersion = 17.5.33502.453
MinimumVisualStudioVersion = 10.0.40219.1
Project("{FAE04EC0-301F-11D3-BF4B-00C04F79EFBC}") = "CarInsuranceV2", "CarInsuranceV2.csproj", "{69D17F89-5624-46C1-A85A-8D65E6E3CD37}"
EndProject
Global
	GlobalSection(SolutionConfigurationPlatforms) = preSolution
		Debug|Any CPU = Debug|Any CPU
		Release|Any CPU = Release|Any CPU
	EndGlobalSection
	GlobalSection(ProjectConfigurationPlatforms) = postSolution
		{69D17F89-5624-46C1-A85A-8D65E6E3CD37}.Debug|Any CPU.ActiveCfg = Debug|Any CPU
		{69D17F89-5624-46C1-A85A-8D65E6E3CD37}.Debug|Any CPU.Build.0 = Debug|Any CPU
		{69D17F89-5624-46C1-A85A-8D65E6E3CD37}.Release|Any CPU.ActiveCfg = Release|Any CPU
		{69D17F89-5624-46C1-A85A-8D65E6E3CD37}.Release|Any CPU.Build.0 = Release|Any CPU
	EndGlobalSection
	GlobalSection(SolutionProperties) = preSolution
		HideSolutionNode = FALSE
	EndGlobalSection
	GlobalSection(ExtensibilityGlobals) = postSolution
		SolutionGuid = {90650B18-9D46-471D-B52D-A54334887A60}
	EndGlobalSection
EndGlobal
